
Microsoft Visual Studio Solution File, Format Version 12.00
# Visual Studio Version 16
VisualStudioVersion = 16.0.31313.79
MinimumVisualStudioVersion = 10.0.40219.1
Project("{FAE04EC0-301F-11D3-BF4B-00C04F79EFBC}") = "ModelEF", "ModelEF\ModelEF.csproj", "{B70F9300-7928-47F5-A3C5-87218EB27350}"
EndProject
Project("{FAE04EC0-301F-11D3-BF4B-00C04F79EFBC}") = "TestUngDung", "..\TestUngDung\TestUngDung.csproj", "{A98BFA1E-89FC-451E-8D58-442A0CC7D8D4}"
EndProject
Global
	GlobalSection(SolutionConfigurationPlatforms) = preSolution
		Debug|Any CPU = Debug|Any CPU
		Release|Any CPU = Release|Any CPU
	EndGlobalSection
	GlobalSection(ProjectConfigurationPlatforms) = postSolution
		{B70F9300-7928-47F5-A3C5-87218EB27350}.Debug|Any CPU.ActiveCfg = Debug|Any CPU
		{B70F9300-7928-47F5-A3C5-87218EB27350}.Debug|Any CPU.Build.0 = Debug|Any CPU
		{B70F9300-7928-47F5-A3C5-87218EB27350}.Release|Any CPU.ActiveCfg = Release|Any CPU
		{B70F9300-7928-47F5-A3C5-87218EB27350}.Release|Any CPU.Build.0 = Release|Any CPU
		{A98BFA1E-89FC-451E-8D58-442A0CC7D8D4}.Debug|Any CPU.ActiveCfg = Debug|Any CPU
		{A98BFA1E-89FC-451E-8D58-442A0CC7D8D4}.Debug|Any CPU.Build.0 = Debug|Any CPU
		{A98BFA1E-89FC-451E-8D58-442A0CC7D8D4}.Release|Any CPU.ActiveCfg = Release|Any CPU
		{A98BFA1E-89FC-451E-8D58-442A0CC7D8D4}.Release|Any CPU.Build.0 = Release|Any CPU
	EndGlobalSection
	GlobalSection(SolutionProperties) = preSolution
		HideSolutionNode = FALSE
	EndGlobalSection
	GlobalSection(ExtensibilityGlobals) = postSolution
		SolutionGuid = {A2410A3A-780B-4F0A-98CC-CFF770359B92}
	EndGlobalSection
EndGlobal
